
Microsoft Visual Studio Solution File, Format Version 12.00
# Visual Studio Version 16
VisualStudioVersion = 16.0.37327.17
MinimumVisualStudioVersion = 10.0.40219.1
Project("{FAE04EC0-301F-11D3-BF4B-00C04F79EFBC}") = "pgm 38 Generic II Inbuilt List Using", "pgm 38 Generic II Inbuilt List Using\pgm 38 Generic II Inbuilt List Using.csproj", "{571927AE-C06D-4E1D-B839-36FFD798BFC4}"
EndProject
Global
	GlobalSection(SolutionConfigurationPlatforms) = preSolution
		Debug|Any CPU = Debug|Any CPU
		Release|Any CPU = Release|Any CPU
	EndGlobalSection
	GlobalSection(ProjectConfigurationPlatforms) = postSolution
		{571927AE-C06D-4E1D-B839-36FFD798BFC4}.Debug|Any CPU.ActiveCfg = Debug|Any CPU
		{571927AE-C06D-4E1D-B839-36FFD798BFC4}.Debug|Any CPU.Build.0 = Debug|Any CPU
		{571927AE-C06D-4E1D-B839-36FFD798BFC4}.Release|Any CPU.ActiveCfg = Release|Any CPU
		{571927AE-C06D-4E1D-B839-36FFD798BFC4}.Release|Any CPU.Build.0 = Release|Any CPU
	EndGlobalSection
	GlobalSection(SolutionProperties) = preSolution
		HideSolutionNode = FALSE
	EndGlobalSection
	GlobalSection(ExtensibilityGlobals) = postSolution
		SolutionGuid = {0EBE422A-4E35-4AC4-9D42-F638F990C33B}
	EndGlobalSection
EndGlobal
