
Microsoft Visual Studio Solution File, Format Version 12.00
# Visual Studio Version 16
VisualStudioVersion = 16.0.37327.17
MinimumVisualStudioVersion = 10.0.40219.1
Project("{FAE04EC0-301F-11D3-BF4B-00C04F79EFBC}") = "pgm 7 String Pallindrome", "pgm 7 String Pallindrome\pgm 7 String Pallindrome.csproj", "{B37A6655-BEF6-467B-BC92-5B16CCB49338}"
EndProject
Global
	GlobalSection(SolutionConfigurationPlatforms) = preSolution
		Debug|Any CPU = Debug|Any CPU
		Release|Any CPU = Release|Any CPU
	EndGlobalSection
	GlobalSection(ProjectConfigurationPlatforms) = postSolution
		{B37A6655-BEF6-467B-BC92-5B16CCB49338}.Debug|Any CPU.ActiveCfg = Debug|Any CPU
		{B37A6655-BEF6-467B-BC92-5B16CCB49338}.Debug|Any CPU.Build.0 = Debug|Any CPU
		{B37A6655-BEF6-467B-BC92-5B16CCB49338}.Release|Any CPU.ActiveCfg = Release|Any CPU
		{B37A6655-BEF6-467B-BC92-5B16CCB49338}.Release|Any CPU.Build.0 = Release|Any CPU
	EndGlobalSection
	GlobalSection(SolutionProperties) = preSolution
		HideSolutionNode = FALSE
	EndGlobalSection
	GlobalSection(ExtensibilityGlobals) = postSolution
		SolutionGuid = {5B3C23D2-8CB9-4DBD-AF22-870F7F7F87A3}
	EndGlobalSection
EndGlobal
