
Microsoft Visual Studio Solution File, Format Version 12.00
# Visual Studio Version 16
VisualStudioVersion = 16.0.37327.17
MinimumVisualStudioVersion = 10.0.40219.1
Project("{FAE04EC0-301F-11D3-BF4B-00C04F79EFBC}") = "pgm 27 Prime", "pgm 27 Prime\pgm 27 Prime.csproj", "{44FD4B32-112B-41A8-9075-23204AA14972}"
EndProject
Global
	GlobalSection(SolutionConfigurationPlatforms) = preSolution
		Debug|Any CPU = Debug|Any CPU
		Release|Any CPU = Release|Any CPU
	EndGlobalSection
	GlobalSection(ProjectConfigurationPlatforms) = postSolution
		{44FD4B32-112B-41A8-9075-23204AA14972}.Debug|Any CPU.ActiveCfg = Debug|Any CPU
		{44FD4B32-112B-41A8-9075-23204AA14972}.Debug|Any CPU.Build.0 = Debug|Any CPU
		{44FD4B32-112B-41A8-9075-23204AA14972}.Release|Any CPU.ActiveCfg = Release|Any CPU
		{44FD4B32-112B-41A8-9075-23204AA14972}.Release|Any CPU.Build.0 = Release|Any CPU
	EndGlobalSection
	GlobalSection(SolutionProperties) = preSolution
		HideSolutionNode = FALSE
	EndGlobalSection
	GlobalSection(ExtensibilityGlobals) = postSolution
		SolutionGuid = {C832C23B-82A8-4ADC-AD7E-06703326D276}
	EndGlobalSection
EndGlobal
