
Microsoft Visual Studio Solution File, Format Version 12.00
# Visual Studio Version 16
VisualStudioVersion = 16.0.37327.17
MinimumVisualStudioVersion = 10.0.40219.1
Project("{FAE04EC0-301F-11D3-BF4B-00C04F79EFBC}") = "pgm 48   try catch finally", "pgm 48   try catch finally\pgm 48   try catch finally.csproj", "{9CDF3C93-7099-492B-BD9F-CA194C9D73B6}"
EndProject
Global
	GlobalSection(SolutionConfigurationPlatforms) = preSolution
		Debug|Any CPU = Debug|Any CPU
		Release|Any CPU = Release|Any CPU
	EndGlobalSection
	GlobalSection(ProjectConfigurationPlatforms) = postSolution
		{9CDF3C93-7099-492B-BD9F-CA194C9D73B6}.Debug|Any CPU.ActiveCfg = Debug|Any CPU
		{9CDF3C93-7099-492B-BD9F-CA194C9D73B6}.Debug|Any CPU.Build.0 = Debug|Any CPU
		{9CDF3C93-7099-492B-BD9F-CA194C9D73B6}.Release|Any CPU.ActiveCfg = Release|Any CPU
		{9CDF3C93-7099-492B-BD9F-CA194C9D73B6}.Release|Any CPU.Build.0 = Release|Any CPU
	EndGlobalSection
	GlobalSection(SolutionProperties) = preSolution
		HideSolutionNode = FALSE
	EndGlobalSection
	GlobalSection(ExtensibilityGlobals) = postSolution
		SolutionGuid = {442687ED-2319-4CCD-92C1-9C0E27642DCB}
	EndGlobalSection
EndGlobal
