
Microsoft Visual Studio Solution File, Format Version 12.00
# Visual Studio Version 16
VisualStudioVersion = 16.0.37327.17
MinimumVisualStudioVersion = 10.0.40219.1
Project("{FAE04EC0-301F-11D3-BF4B-00C04F79EFBC}") = "pgm 41 Lambda Function", "pgm 41 Lambda Function\pgm 41 Lambda Function.csproj", "{3A14FD62-CBB0-49F2-A5AC-B8ACA4940B8B}"
EndProject
Global
	GlobalSection(SolutionConfigurationPlatforms) = preSolution
		Debug|Any CPU = Debug|Any CPU
		Release|Any CPU = Release|Any CPU
	EndGlobalSection
	GlobalSection(ProjectConfigurationPlatforms) = postSolution
		{3A14FD62-CBB0-49F2-A5AC-B8ACA4940B8B}.Debug|Any CPU.ActiveCfg = Debug|Any CPU
		{3A14FD62-CBB0-49F2-A5AC-B8ACA4940B8B}.Debug|Any CPU.Build.0 = Debug|Any CPU
		{3A14FD62-CBB0-49F2-A5AC-B8ACA4940B8B}.Release|Any CPU.ActiveCfg = Release|Any CPU
		{3A14FD62-CBB0-49F2-A5AC-B8ACA4940B8B}.Release|Any CPU.Build.0 = Release|Any CPU
	EndGlobalSection
	GlobalSection(SolutionProperties) = preSolution
		HideSolutionNode = FALSE
	EndGlobalSection
	GlobalSection(ExtensibilityGlobals) = postSolution
		SolutionGuid = {061CE4EC-7670-4162-8927-56E12F9A53A0}
	EndGlobalSection
EndGlobal
