
Microsoft Visual Studio Solution File, Format Version 12.00
# Visual Studio Version 16
VisualStudioVersion = 16.0.37327.17
MinimumVisualStudioVersion = 10.0.40219.1
Project("{FAE04EC0-301F-11D3-BF4B-00C04F79EFBC}") = "pgm 14 Even numbers upto N", "pgm 14 Even numbers upto N\pgm 14 Even numbers upto N.csproj", "{1DB924C4-C4BA-4F59-A37A-8390E4FF0C32}"
EndProject
Global
	GlobalSection(SolutionConfigurationPlatforms) = preSolution
		Debug|Any CPU = Debug|Any CPU
		Release|Any CPU = Release|Any CPU
	EndGlobalSection
	GlobalSection(ProjectConfigurationPlatforms) = postSolution
		{1DB924C4-C4BA-4F59-A37A-8390E4FF0C32}.Debug|Any CPU.ActiveCfg = Debug|Any CPU
		{1DB924C4-C4BA-4F59-A37A-8390E4FF0C32}.Debug|Any CPU.Build.0 = Debug|Any CPU
		{1DB924C4-C4BA-4F59-A37A-8390E4FF0C32}.Release|Any CPU.ActiveCfg = Release|Any CPU
		{1DB924C4-C4BA-4F59-A37A-8390E4FF0C32}.Release|Any CPU.Build.0 = Release|Any CPU
	EndGlobalSection
	GlobalSection(SolutionProperties) = preSolution
		HideSolutionNode = FALSE
	EndGlobalSection
	GlobalSection(ExtensibilityGlobals) = postSolution
		SolutionGuid = {38839636-E40D-4E35-9F2D-B0B170983642}
	EndGlobalSection
EndGlobal
