
Microsoft Visual Studio Solution File, Format Version 12.00
# Visual Studio Version 16
VisualStudioVersion = 16.0.37327.17
MinimumVisualStudioVersion = 10.0.40219.1
Project("{FAE04EC0-301F-11D3-BF4B-00C04F79EFBC}") = "pgm 18 Factorial using int function", "pgm 18 Factorial using int function\pgm 18 Factorial using int function.csproj", "{2255523F-5940-4D7F-A3F3-8FF27E547C9F}"
EndProject
Global
	GlobalSection(SolutionConfigurationPlatforms) = preSolution
		Debug|Any CPU = Debug|Any CPU
		Release|Any CPU = Release|Any CPU
	EndGlobalSection
	GlobalSection(ProjectConfigurationPlatforms) = postSolution
		{2255523F-5940-4D7F-A3F3-8FF27E547C9F}.Debug|Any CPU.ActiveCfg = Debug|Any CPU
		{2255523F-5940-4D7F-A3F3-8FF27E547C9F}.Debug|Any CPU.Build.0 = Debug|Any CPU
		{2255523F-5940-4D7F-A3F3-8FF27E547C9F}.Release|Any CPU.ActiveCfg = Release|Any CPU
		{2255523F-5940-4D7F-A3F3-8FF27E547C9F}.Release|Any CPU.Build.0 = Release|Any CPU
	EndGlobalSection
	GlobalSection(SolutionProperties) = preSolution
		HideSolutionNode = FALSE
	EndGlobalSection
	GlobalSection(ExtensibilityGlobals) = postSolution
		SolutionGuid = {3B9480D3-C013-42BE-AD78-62E6FAD260DA}
	EndGlobalSection
EndGlobal
