
Microsoft Visual Studio Solution File, Format Version 12.00
# Visual Studio Version 16
VisualStudioVersion = 16.0.37327.17
MinimumVisualStudioVersion = 10.0.40219.1
Project("{FAE04EC0-301F-11D3-BF4B-00C04F79EFBC}") = "pgm 32 Abstraction", "pgm 32 Abstraction\pgm 32 Abstraction.csproj", "{D29B8EF6-4D4A-43F9-949A-9E4C712D2312}"
EndProject
Global
	GlobalSection(SolutionConfigurationPlatforms) = preSolution
		Debug|Any CPU = Debug|Any CPU
		Release|Any CPU = Release|Any CPU
	EndGlobalSection
	GlobalSection(ProjectConfigurationPlatforms) = postSolution
		{D29B8EF6-4D4A-43F9-949A-9E4C712D2312}.Debug|Any CPU.ActiveCfg = Debug|Any CPU
		{D29B8EF6-4D4A-43F9-949A-9E4C712D2312}.Debug|Any CPU.Build.0 = Debug|Any CPU
		{D29B8EF6-4D4A-43F9-949A-9E4C712D2312}.Release|Any CPU.ActiveCfg = Release|Any CPU
		{D29B8EF6-4D4A-43F9-949A-9E4C712D2312}.Release|Any CPU.Build.0 = Release|Any CPU
	EndGlobalSection
	GlobalSection(SolutionProperties) = preSolution
		HideSolutionNode = FALSE
	EndGlobalSection
	GlobalSection(ExtensibilityGlobals) = postSolution
		SolutionGuid = {531760E1-B530-460A-9452-D654B8694E5E}
	EndGlobalSection
EndGlobal
