
Microsoft Visual Studio Solution File, Format Version 12.00
# Visual Studio Version 16
VisualStudioVersion = 16.0.37327.17
MinimumVisualStudioVersion = 10.0.40219.1
Project("{FAE04EC0-301F-11D3-BF4B-00C04F79EFBC}") = "pgm 20 Input parameters Q1", "pgm 20 Input parameters Q1\pgm 20 Input parameters Q1.csproj", "{0BAC3FD2-B3B4-46A3-9A43-D3BBCDF5044A}"
EndProject
Global
	GlobalSection(SolutionConfigurationPlatforms) = preSolution
		Debug|Any CPU = Debug|Any CPU
		Release|Any CPU = Release|Any CPU
	EndGlobalSection
	GlobalSection(ProjectConfigurationPlatforms) = postSolution
		{0BAC3FD2-B3B4-46A3-9A43-D3BBCDF5044A}.Debug|Any CPU.ActiveCfg = Debug|Any CPU
		{0BAC3FD2-B3B4-46A3-9A43-D3BBCDF5044A}.Debug|Any CPU.Build.0 = Debug|Any CPU
		{0BAC3FD2-B3B4-46A3-9A43-D3BBCDF5044A}.Release|Any CPU.ActiveCfg = Release|Any CPU
		{0BAC3FD2-B3B4-46A3-9A43-D3BBCDF5044A}.Release|Any CPU.Build.0 = Release|Any CPU
	EndGlobalSection
	GlobalSection(SolutionProperties) = preSolution
		HideSolutionNode = FALSE
	EndGlobalSection
	GlobalSection(ExtensibilityGlobals) = postSolution
		SolutionGuid = {692D388B-327D-4F6C-BEB0-9A8AD8EF9D1C}
	EndGlobalSection
EndGlobal
