
Microsoft Visual Studio Solution File, Format Version 12.00
# Visual Studio Version 16
VisualStudioVersion = 16.0.37327.17
MinimumVisualStudioVersion = 10.0.40219.1
Project("{FAE04EC0-301F-11D3-BF4B-00C04F79EFBC}") = "pgm 34 - ABCD pattern", "pgm 34 - ABCD pattern\pgm 34 - ABCD pattern.csproj", "{57A042D7-65A0-4A21-A25E-02F565EBB67A}"
EndProject
Global
	GlobalSection(SolutionConfigurationPlatforms) = preSolution
		Debug|Any CPU = Debug|Any CPU
		Release|Any CPU = Release|Any CPU
	EndGlobalSection
	GlobalSection(ProjectConfigurationPlatforms) = postSolution
		{57A042D7-65A0-4A21-A25E-02F565EBB67A}.Debug|Any CPU.ActiveCfg = Debug|Any CPU
		{57A042D7-65A0-4A21-A25E-02F565EBB67A}.Debug|Any CPU.Build.0 = Debug|Any CPU
		{57A042D7-65A0-4A21-A25E-02F565EBB67A}.Release|Any CPU.ActiveCfg = Release|Any CPU
		{57A042D7-65A0-4A21-A25E-02F565EBB67A}.Release|Any CPU.Build.0 = Release|Any CPU
	EndGlobalSection
	GlobalSection(SolutionProperties) = preSolution
		HideSolutionNode = FALSE
	EndGlobalSection
	GlobalSection(ExtensibilityGlobals) = postSolution
		SolutionGuid = {C9C905C5-A93B-4E5C-96EC-E51173763FE4}
	EndGlobalSection
EndGlobal
