
Microsoft Visual Studio Solution File, Format Version 12.00
# Visual Studio Version 16
VisualStudioVersion = 16.0.37327.17
MinimumVisualStudioVersion = 10.0.40219.1
Project("{FAE04EC0-301F-11D3-BF4B-00C04F79EFBC}") = "pgm 23 Output Parameter", "pgm 23 Output Parameter\pgm 23 Output Parameter.csproj", "{B38D83B9-E9DB-453B-9FF8-5B72F11AB7F3}"
EndProject
Global
	GlobalSection(SolutionConfigurationPlatforms) = preSolution
		Debug|Any CPU = Debug|Any CPU
		Release|Any CPU = Release|Any CPU
	EndGlobalSection
	GlobalSection(ProjectConfigurationPlatforms) = postSolution
		{B38D83B9-E9DB-453B-9FF8-5B72F11AB7F3}.Debug|Any CPU.ActiveCfg = Debug|Any CPU
		{B38D83B9-E9DB-453B-9FF8-5B72F11AB7F3}.Debug|Any CPU.Build.0 = Debug|Any CPU
		{B38D83B9-E9DB-453B-9FF8-5B72F11AB7F3}.Release|Any CPU.ActiveCfg = Release|Any CPU
		{B38D83B9-E9DB-453B-9FF8-5B72F11AB7F3}.Release|Any CPU.Build.0 = Release|Any CPU
	EndGlobalSection
	GlobalSection(SolutionProperties) = preSolution
		HideSolutionNode = FALSE
	EndGlobalSection
	GlobalSection(ExtensibilityGlobals) = postSolution
		SolutionGuid = {2808626B-1AE7-4101-ABE2-3427ACB93CFC}
	EndGlobalSection
EndGlobal
