
Microsoft Visual Studio Solution File, Format Version 12.00
# Visual Studio Version 16
VisualStudioVersion = 16.0.37327.17
MinimumVisualStudioVersion = 10.0.40219.1
Project("{FAE04EC0-301F-11D3-BF4B-00C04F79EFBC}") = "pgm 12 larget of 3 using nested if", "pgm 12 larget of 3 using nested if\pgm 12 larget of 3 using nested if.csproj", "{FBFC544A-39B2-42C0-BAC8-94B502A68530}"
EndProject
Global
	GlobalSection(SolutionConfigurationPlatforms) = preSolution
		Debug|Any CPU = Debug|Any CPU
		Release|Any CPU = Release|Any CPU
	EndGlobalSection
	GlobalSection(ProjectConfigurationPlatforms) = postSolution
		{FBFC544A-39B2-42C0-BAC8-94B502A68530}.Debug|Any CPU.ActiveCfg = Debug|Any CPU
		{FBFC544A-39B2-42C0-BAC8-94B502A68530}.Debug|Any CPU.Build.0 = Debug|Any CPU
		{FBFC544A-39B2-42C0-BAC8-94B502A68530}.Release|Any CPU.ActiveCfg = Release|Any CPU
		{FBFC544A-39B2-42C0-BAC8-94B502A68530}.Release|Any CPU.Build.0 = Release|Any CPU
	EndGlobalSection
	GlobalSection(SolutionProperties) = preSolution
		HideSolutionNode = FALSE
	EndGlobalSection
	GlobalSection(ExtensibilityGlobals) = postSolution
		SolutionGuid = {1A58647E-A320-43FB-9BE6-85DC01708B7F}
	EndGlobalSection
EndGlobal
