
Microsoft Visual Studio Solution File, Format Version 12.00
# Visual Studio Version 16
VisualStudioVersion = 16.0.37327.17
MinimumVisualStudioVersion = 10.0.40219.1
Project("{FAE04EC0-301F-11D3-BF4B-00C04F79EFBC}") = "pgm 5 Goto II", "pgm 5 Goto II\pgm 5 Goto II.csproj", "{B1510358-C8B7-450F-AD46-67CE539DBF23}"
EndProject
Global
	GlobalSection(SolutionConfigurationPlatforms) = preSolution
		Debug|Any CPU = Debug|Any CPU
		Release|Any CPU = Release|Any CPU
	EndGlobalSection
	GlobalSection(ProjectConfigurationPlatforms) = postSolution
		{B1510358-C8B7-450F-AD46-67CE539DBF23}.Debug|Any CPU.ActiveCfg = Debug|Any CPU
		{B1510358-C8B7-450F-AD46-67CE539DBF23}.Debug|Any CPU.Build.0 = Debug|Any CPU
		{B1510358-C8B7-450F-AD46-67CE539DBF23}.Release|Any CPU.ActiveCfg = Release|Any CPU
		{B1510358-C8B7-450F-AD46-67CE539DBF23}.Release|Any CPU.Build.0 = Release|Any CPU
	EndGlobalSection
	GlobalSection(SolutionProperties) = preSolution
		HideSolutionNode = FALSE
	EndGlobalSection
	GlobalSection(ExtensibilityGlobals) = postSolution
		SolutionGuid = {44F8F865-29CA-401E-BCDB-3DC2A7FD646C}
	EndGlobalSection
EndGlobal
