
Microsoft Visual Studio Solution File, Format Version 12.00
# Visual Studio Version 16
VisualStudioVersion = 16.0.37327.17
MinimumVisualStudioVersion = 10.0.40219.1
Project("{FAE04EC0-301F-11D3-BF4B-00C04F79EFBC}") = "pgm 3 switch statement", "pgm 3 switch statement\pgm 3 switch statement.csproj", "{FB1474AB-3AE4-4FB5-B9E4-AB88975B79AC}"
EndProject
Global
	GlobalSection(SolutionConfigurationPlatforms) = preSolution
		Debug|Any CPU = Debug|Any CPU
		Release|Any CPU = Release|Any CPU
	EndGlobalSection
	GlobalSection(ProjectConfigurationPlatforms) = postSolution
		{FB1474AB-3AE4-4FB5-B9E4-AB88975B79AC}.Debug|Any CPU.ActiveCfg = Debug|Any CPU
		{FB1474AB-3AE4-4FB5-B9E4-AB88975B79AC}.Debug|Any CPU.Build.0 = Debug|Any CPU
		{FB1474AB-3AE4-4FB5-B9E4-AB88975B79AC}.Release|Any CPU.ActiveCfg = Release|Any CPU
		{FB1474AB-3AE4-4FB5-B9E4-AB88975B79AC}.Release|Any CPU.Build.0 = Release|Any CPU
	EndGlobalSection
	GlobalSection(SolutionProperties) = preSolution
		HideSolutionNode = FALSE
	EndGlobalSection
	GlobalSection(ExtensibilityGlobals) = postSolution
		SolutionGuid = {600B67D3-F8BA-4013-BF2E-A2A62C34398E}
	EndGlobalSection
EndGlobal
