
Microsoft Visual Studio Solution File, Format Version 12.00
# Visual Studio Version 16
VisualStudioVersion = 16.0.37327.17
MinimumVisualStudioVersion = 10.0.40219.1
Project("{FAE04EC0-301F-11D3-BF4B-00C04F79EFBC}") = "pgm 35 - inverse triangle", "pgm 35 - inverse triangle\pgm 35 - inverse triangle.csproj", "{F332AF00-5552-498D-8E12-BD3676B8B242}"
EndProject
Global
	GlobalSection(SolutionConfigurationPlatforms) = preSolution
		Debug|Any CPU = Debug|Any CPU
		Release|Any CPU = Release|Any CPU
	EndGlobalSection
	GlobalSection(ProjectConfigurationPlatforms) = postSolution
		{F332AF00-5552-498D-8E12-BD3676B8B242}.Debug|Any CPU.ActiveCfg = Debug|Any CPU
		{F332AF00-5552-498D-8E12-BD3676B8B242}.Debug|Any CPU.Build.0 = Debug|Any CPU
		{F332AF00-5552-498D-8E12-BD3676B8B242}.Release|Any CPU.ActiveCfg = Release|Any CPU
		{F332AF00-5552-498D-8E12-BD3676B8B242}.Release|Any CPU.Build.0 = Release|Any CPU
	EndGlobalSection
	GlobalSection(SolutionProperties) = preSolution
		HideSolutionNode = FALSE
	EndGlobalSection
	GlobalSection(ExtensibilityGlobals) = postSolution
		SolutionGuid = {2316C7BD-7F02-4B51-AFC7-03B877946E86}
	EndGlobalSection
EndGlobal
