
Microsoft Visual Studio Solution File, Format Version 12.00
# Visual Studio Version 16
VisualStudioVersion = 16.0.37327.17
MinimumVisualStudioVersion = 10.0.40219.1
Project("{FAE04EC0-301F-11D3-BF4B-00C04F79EFBC}") = "pgm 26 Multiplication Table", "pgm 26 Multiplication Table\pgm 26 Multiplication Table.csproj", "{8D7DCA51-F6F7-47A7-A752-848E33F4B1BC}"
EndProject
Global
	GlobalSection(SolutionConfigurationPlatforms) = preSolution
		Debug|Any CPU = Debug|Any CPU
		Release|Any CPU = Release|Any CPU
	EndGlobalSection
	GlobalSection(ProjectConfigurationPlatforms) = postSolution
		{8D7DCA51-F6F7-47A7-A752-848E33F4B1BC}.Debug|Any CPU.ActiveCfg = Debug|Any CPU
		{8D7DCA51-F6F7-47A7-A752-848E33F4B1BC}.Debug|Any CPU.Build.0 = Debug|Any CPU
		{8D7DCA51-F6F7-47A7-A752-848E33F4B1BC}.Release|Any CPU.ActiveCfg = Release|Any CPU
		{8D7DCA51-F6F7-47A7-A752-848E33F4B1BC}.Release|Any CPU.Build.0 = Release|Any CPU
	EndGlobalSection
	GlobalSection(SolutionProperties) = preSolution
		HideSolutionNode = FALSE
	EndGlobalSection
	GlobalSection(ExtensibilityGlobals) = postSolution
		SolutionGuid = {2ED06F9B-7527-4986-8866-B0FC86489D65}
	EndGlobalSection
EndGlobal
