
Microsoft Visual Studio Solution File, Format Version 12.00
# Visual Studio Version 16
VisualStudioVersion = 16.0.37327.17
MinimumVisualStudioVersion = 10.0.40219.1
Project("{FAE04EC0-301F-11D3-BF4B-00C04F79EFBC}") = "pgm 28 Prime numbers upto", "pgm 28 Prime numbers upto\pgm 28 Prime numbers upto.csproj", "{3AD697EC-0F7E-4A3E-A9B4-E8DB7BEB3EF5}"
EndProject
Global
	GlobalSection(SolutionConfigurationPlatforms) = preSolution
		Debug|Any CPU = Debug|Any CPU
		Release|Any CPU = Release|Any CPU
	EndGlobalSection
	GlobalSection(ProjectConfigurationPlatforms) = postSolution
		{3AD697EC-0F7E-4A3E-A9B4-E8DB7BEB3EF5}.Debug|Any CPU.ActiveCfg = Debug|Any CPU
		{3AD697EC-0F7E-4A3E-A9B4-E8DB7BEB3EF5}.Debug|Any CPU.Build.0 = Debug|Any CPU
		{3AD697EC-0F7E-4A3E-A9B4-E8DB7BEB3EF5}.Release|Any CPU.ActiveCfg = Release|Any CPU
		{3AD697EC-0F7E-4A3E-A9B4-E8DB7BEB3EF5}.Release|Any CPU.Build.0 = Release|Any CPU
	EndGlobalSection
	GlobalSection(SolutionProperties) = preSolution
		HideSolutionNode = FALSE
	EndGlobalSection
	GlobalSection(ExtensibilityGlobals) = postSolution
		SolutionGuid = {0609046F-BF04-44ED-AD61-28F965CEFE66}
	EndGlobalSection
EndGlobal
