
Microsoft Visual Studio Solution File, Format Version 12.00
# Visual Studio Version 16
VisualStudioVersion = 16.0.37507.1
MinimumVisualStudioVersion = 10.0.40219.1
Project("{FAE04EC0-301F-11D3-BF4B-00C04F79EFBC}") = "MVC2Adv", "MVC2Adv\MVC2Adv.csproj", "{DFF299B2-E34C-46DB-85D2-707092F9D315}"
EndProject
Global
	GlobalSection(SolutionConfigurationPlatforms) = preSolution
		Debug|Any CPU = Debug|Any CPU
		Release|Any CPU = Release|Any CPU
	EndGlobalSection
	GlobalSection(ProjectConfigurationPlatforms) = postSolution
		{DFF299B2-E34C-46DB-85D2-707092F9D315}.Debug|Any CPU.ActiveCfg = Debug|Any CPU
		{DFF299B2-E34C-46DB-85D2-707092F9D315}.Debug|Any CPU.Build.0 = Debug|Any CPU
		{DFF299B2-E34C-46DB-85D2-707092F9D315}.Release|Any CPU.ActiveCfg = Release|Any CPU
		{DFF299B2-E34C-46DB-85D2-707092F9D315}.Release|Any CPU.Build.0 = Release|Any CPU
	EndGlobalSection
	GlobalSection(SolutionProperties) = preSolution
		HideSolutionNode = FALSE
	EndGlobalSection
	GlobalSection(ExtensibilityGlobals) = postSolution
		SolutionGuid = {E0AEF9EB-3200-47B0-8ACD-513CBB0E2FD3}
	EndGlobalSection
EndGlobal
