
Microsoft Visual Studio Solution File, Format Version 12.00
# Visual Studio Version 16
VisualStudioVersion = 16.0.37327.17
MinimumVisualStudioVersion = 10.0.40219.1
Project("{FAE04EC0-301F-11D3-BF4B-00C04F79EFBC}") = "pgm 34 Constructors- Default, Parametrized, Static", "pgm 34 Constructors- Default, Parametrized, Static\pgm 34 Constructors- Default, Parametrized, Static.csproj", "{0F8C4965-064C-4712-8E07-C2434B36DEDC}"
EndProject
Global
	GlobalSection(SolutionConfigurationPlatforms) = preSolution
		Debug|Any CPU = Debug|Any CPU
		Release|Any CPU = Release|Any CPU
	EndGlobalSection
	GlobalSection(ProjectConfigurationPlatforms) = postSolution
		{0F8C4965-064C-4712-8E07-C2434B36DEDC}.Debug|Any CPU.ActiveCfg = Debug|Any CPU
		{0F8C4965-064C-4712-8E07-C2434B36DEDC}.Debug|Any CPU.Build.0 = Debug|Any CPU
		{0F8C4965-064C-4712-8E07-C2434B36DEDC}.Release|Any CPU.ActiveCfg = Release|Any CPU
		{0F8C4965-064C-4712-8E07-C2434B36DEDC}.Release|Any CPU.Build.0 = Release|Any CPU
	EndGlobalSection
	GlobalSection(SolutionProperties) = preSolution
		HideSolutionNode = FALSE
	EndGlobalSection
	GlobalSection(ExtensibilityGlobals) = postSolution
		SolutionGuid = {7B535497-8F18-4B33-8AD2-3865BFC109FC}
	EndGlobalSection
EndGlobal
