
Microsoft Visual Studio Solution File, Format Version 12.00
# Visual Studio Version 16
VisualStudioVersion = 16.0.37327.17
MinimumVisualStudioVersion = 10.0.40219.1
Project("{FAE04EC0-301F-11D3-BF4B-00C04F79EFBC}") = "pgm 9 Even or Odd", "pgm 9 Even or Odd\pgm 9 Even or Odd.csproj", "{20B3C4A6-6DCC-47B1-8713-ED439936DD07}"
EndProject
Global
	GlobalSection(SolutionConfigurationPlatforms) = preSolution
		Debug|Any CPU = Debug|Any CPU
		Release|Any CPU = Release|Any CPU
	EndGlobalSection
	GlobalSection(ProjectConfigurationPlatforms) = postSolution
		{20B3C4A6-6DCC-47B1-8713-ED439936DD07}.Debug|Any CPU.ActiveCfg = Debug|Any CPU
		{20B3C4A6-6DCC-47B1-8713-ED439936DD07}.Debug|Any CPU.Build.0 = Debug|Any CPU
		{20B3C4A6-6DCC-47B1-8713-ED439936DD07}.Release|Any CPU.ActiveCfg = Release|Any CPU
		{20B3C4A6-6DCC-47B1-8713-ED439936DD07}.Release|Any CPU.Build.0 = Release|Any CPU
	EndGlobalSection
	GlobalSection(SolutionProperties) = preSolution
		HideSolutionNode = FALSE
	EndGlobalSection
	GlobalSection(ExtensibilityGlobals) = postSolution
		SolutionGuid = {F4AE6884-E194-4227-90EA-DC008C870556}
	EndGlobalSection
EndGlobal
