
Microsoft Visual Studio Solution File, Format Version 12.00
# Visual Studio Version 16
VisualStudioVersion = 16.0.37327.17
MinimumVisualStudioVersion = 10.0.40219.1
Project("{FAE04EC0-301F-11D3-BF4B-00C04F79EFBC}") = "pgm 31 start pattern II", "pgm 31 start pattern II\pgm 31 start pattern II.csproj", "{B820BE6F-3F08-40C5-8E94-EF1BAFD4EFD8}"
EndProject
Global
	GlobalSection(SolutionConfigurationPlatforms) = preSolution
		Debug|Any CPU = Debug|Any CPU
		Release|Any CPU = Release|Any CPU
	EndGlobalSection
	GlobalSection(ProjectConfigurationPlatforms) = postSolution
		{B820BE6F-3F08-40C5-8E94-EF1BAFD4EFD8}.Debug|Any CPU.ActiveCfg = Debug|Any CPU
		{B820BE6F-3F08-40C5-8E94-EF1BAFD4EFD8}.Debug|Any CPU.Build.0 = Debug|Any CPU
		{B820BE6F-3F08-40C5-8E94-EF1BAFD4EFD8}.Release|Any CPU.ActiveCfg = Release|Any CPU
		{B820BE6F-3F08-40C5-8E94-EF1BAFD4EFD8}.Release|Any CPU.Build.0 = Release|Any CPU
	EndGlobalSection
	GlobalSection(SolutionProperties) = preSolution
		HideSolutionNode = FALSE
	EndGlobalSection
	GlobalSection(ExtensibilityGlobals) = postSolution
		SolutionGuid = {9972F75D-FD77-468A-AF35-3C9494886493}
	EndGlobalSection
EndGlobal
