
Microsoft Visual Studio Solution File, Format Version 12.00
# Visual Studio Version 16
VisualStudioVersion = 16.0.37327.17
MinimumVisualStudioVersion = 10.0.40219.1
Project("{FAE04EC0-301F-11D3-BF4B-00C04F79EFBC}") = "pgm 1 Jump statements Break", "pgm 1 Jump statements Break\pgm 1 Jump statements Break.csproj", "{9A623C62-425C-45F9-8BF8-0D7DB115CE3F}"
EndProject
Global
	GlobalSection(SolutionConfigurationPlatforms) = preSolution
		Debug|Any CPU = Debug|Any CPU
		Release|Any CPU = Release|Any CPU
	EndGlobalSection
	GlobalSection(ProjectConfigurationPlatforms) = postSolution
		{9A623C62-425C-45F9-8BF8-0D7DB115CE3F}.Debug|Any CPU.ActiveCfg = Debug|Any CPU
		{9A623C62-425C-45F9-8BF8-0D7DB115CE3F}.Debug|Any CPU.Build.0 = Debug|Any CPU
		{9A623C62-425C-45F9-8BF8-0D7DB115CE3F}.Release|Any CPU.ActiveCfg = Release|Any CPU
		{9A623C62-425C-45F9-8BF8-0D7DB115CE3F}.Release|Any CPU.Build.0 = Release|Any CPU
	EndGlobalSection
	GlobalSection(SolutionProperties) = preSolution
		HideSolutionNode = FALSE
	EndGlobalSection
	GlobalSection(ExtensibilityGlobals) = postSolution
		SolutionGuid = {3A1915EC-8D8A-4825-9C7E-750879A69D5D}
	EndGlobalSection
EndGlobal
