
Microsoft Visual Studio Solution File, Format Version 12.00
# Visual Studio Version 16
VisualStudioVersion = 16.0.37327.17
MinimumVisualStudioVersion = 10.0.40219.1
Project("{FAE04EC0-301F-11D3-BF4B-00C04F79EFBC}") = "ASP Assignment 1", "ASP Assignment 1\ASP Assignment 1.csproj", "{277E8AD6-06C8-404E-A9DC-4930006D8BF9}"
EndProject
Global
	GlobalSection(SolutionConfigurationPlatforms) = preSolution
		Debug|Any CPU = Debug|Any CPU
		Release|Any CPU = Release|Any CPU
	EndGlobalSection
	GlobalSection(ProjectConfigurationPlatforms) = postSolution
		{277E8AD6-06C8-404E-A9DC-4930006D8BF9}.Debug|Any CPU.ActiveCfg = Debug|Any CPU
		{277E8AD6-06C8-404E-A9DC-4930006D8BF9}.Debug|Any CPU.Build.0 = Debug|Any CPU
		{277E8AD6-06C8-404E-A9DC-4930006D8BF9}.Release|Any CPU.ActiveCfg = Release|Any CPU
		{277E8AD6-06C8-404E-A9DC-4930006D8BF9}.Release|Any CPU.Build.0 = Release|Any CPU
	EndGlobalSection
	GlobalSection(SolutionProperties) = preSolution
		HideSolutionNode = FALSE
	EndGlobalSection
	GlobalSection(ExtensibilityGlobals) = postSolution
		SolutionGuid = {4789583D-B402-4391-A72E-3AD4B4F1E3E3}
	EndGlobalSection
EndGlobal
