
Microsoft Visual Studio Solution File, Format Version 12.00
# Visual Studio Version 16
VisualStudioVersion = 16.0.37327.17
MinimumVisualStudioVersion = 10.0.40219.1
Project("{FAE04EC0-301F-11D3-BF4B-00C04F79EFBC}") = "pgm 31 Polymorphsim Function Overriding", "pgm 31 Polymorphsim Function Overriding\pgm 31 Polymorphsim Function Overriding.csproj", "{36ED1036-BC3E-4E1B-B942-9F78C3C26F7C}"
EndProject
Global
	GlobalSection(SolutionConfigurationPlatforms) = preSolution
		Debug|Any CPU = Debug|Any CPU
		Release|Any CPU = Release|Any CPU
	EndGlobalSection
	GlobalSection(ProjectConfigurationPlatforms) = postSolution
		{36ED1036-BC3E-4E1B-B942-9F78C3C26F7C}.Debug|Any CPU.ActiveCfg = Debug|Any CPU
		{36ED1036-BC3E-4E1B-B942-9F78C3C26F7C}.Debug|Any CPU.Build.0 = Debug|Any CPU
		{36ED1036-BC3E-4E1B-B942-9F78C3C26F7C}.Release|Any CPU.ActiveCfg = Release|Any CPU
		{36ED1036-BC3E-4E1B-B942-9F78C3C26F7C}.Release|Any CPU.Build.0 = Release|Any CPU
	EndGlobalSection
	GlobalSection(SolutionProperties) = preSolution
		HideSolutionNode = FALSE
	EndGlobalSection
	GlobalSection(ExtensibilityGlobals) = postSolution
		SolutionGuid = {EECF40E3-3C07-45C1-AC7F-F31BE82EA938}
	EndGlobalSection
EndGlobal
