
Microsoft Visual Studio Solution File, Format Version 12.00
# Visual Studio Version 16
VisualStudioVersion = 16.0.37327.17
MinimumVisualStudioVersion = 10.0.40219.1
Project("{FAE04EC0-301F-11D3-BF4B-00C04F79EFBC}") = "pgm 39 Number pyramid", "pgm 39 Number pyramid\pgm 39 Number pyramid.csproj", "{7756145D-CEF6-4CC9-97C3-9FD8FC4CA22E}"
EndProject
Global
	GlobalSection(SolutionConfigurationPlatforms) = preSolution
		Debug|Any CPU = Debug|Any CPU
		Release|Any CPU = Release|Any CPU
	EndGlobalSection
	GlobalSection(ProjectConfigurationPlatforms) = postSolution
		{7756145D-CEF6-4CC9-97C3-9FD8FC4CA22E}.Debug|Any CPU.ActiveCfg = Debug|Any CPU
		{7756145D-CEF6-4CC9-97C3-9FD8FC4CA22E}.Debug|Any CPU.Build.0 = Debug|Any CPU
		{7756145D-CEF6-4CC9-97C3-9FD8FC4CA22E}.Release|Any CPU.ActiveCfg = Release|Any CPU
		{7756145D-CEF6-4CC9-97C3-9FD8FC4CA22E}.Release|Any CPU.Build.0 = Release|Any CPU
	EndGlobalSection
	GlobalSection(SolutionProperties) = preSolution
		HideSolutionNode = FALSE
	EndGlobalSection
	GlobalSection(ExtensibilityGlobals) = postSolution
		SolutionGuid = {0DE0B397-F294-4AFB-A2BD-66A1AA68EAA0}
	EndGlobalSection
EndGlobal
