
Microsoft Visual Studio Solution File, Format Version 12.00
# Visual Studio Version 16
VisualStudioVersion = 16.0.37327.17
MinimumVisualStudioVersion = 10.0.40219.1
Project("{FAE04EC0-301F-11D3-BF4B-00C04F79EFBC}") = "pgm 21 amstrong I", "pgm 21 amstrong I\pgm 21 amstrong I.csproj", "{D7ED8E7B-594C-43FA-BCD9-BA246C58EB0E}"
EndProject
Global
	GlobalSection(SolutionConfigurationPlatforms) = preSolution
		Debug|Any CPU = Debug|Any CPU
		Release|Any CPU = Release|Any CPU
	EndGlobalSection
	GlobalSection(ProjectConfigurationPlatforms) = postSolution
		{D7ED8E7B-594C-43FA-BCD9-BA246C58EB0E}.Debug|Any CPU.ActiveCfg = Debug|Any CPU
		{D7ED8E7B-594C-43FA-BCD9-BA246C58EB0E}.Debug|Any CPU.Build.0 = Debug|Any CPU
		{D7ED8E7B-594C-43FA-BCD9-BA246C58EB0E}.Release|Any CPU.ActiveCfg = Release|Any CPU
		{D7ED8E7B-594C-43FA-BCD9-BA246C58EB0E}.Release|Any CPU.Build.0 = Release|Any CPU
	EndGlobalSection
	GlobalSection(SolutionProperties) = preSolution
		HideSolutionNode = FALSE
	EndGlobalSection
	GlobalSection(ExtensibilityGlobals) = postSolution
		SolutionGuid = {82BDD8D4-2E85-4AF0-90AA-9CB2C2A5823E}
	EndGlobalSection
EndGlobal
