
Microsoft Visual Studio Solution File, Format Version 12.00
# Visual Studio Version 16
VisualStudioVersion = 16.0.37327.17
MinimumVisualStudioVersion = 10.0.40219.1
Project("{FAE04EC0-301F-11D3-BF4B-00C04F79EFBC}") = "pgm 38 - star pyramid", "pgm 38 - star pyramid\pgm 38 - star pyramid.csproj", "{C08B8AFC-E51C-4575-8DCE-20DB925AEB41}"
EndProject
Global
	GlobalSection(SolutionConfigurationPlatforms) = preSolution
		Debug|Any CPU = Debug|Any CPU
		Release|Any CPU = Release|Any CPU
	EndGlobalSection
	GlobalSection(ProjectConfigurationPlatforms) = postSolution
		{C08B8AFC-E51C-4575-8DCE-20DB925AEB41}.Debug|Any CPU.ActiveCfg = Debug|Any CPU
		{C08B8AFC-E51C-4575-8DCE-20DB925AEB41}.Debug|Any CPU.Build.0 = Debug|Any CPU
		{C08B8AFC-E51C-4575-8DCE-20DB925AEB41}.Release|Any CPU.ActiveCfg = Release|Any CPU
		{C08B8AFC-E51C-4575-8DCE-20DB925AEB41}.Release|Any CPU.Build.0 = Release|Any CPU
	EndGlobalSection
	GlobalSection(SolutionProperties) = preSolution
		HideSolutionNode = FALSE
	EndGlobalSection
	GlobalSection(ExtensibilityGlobals) = postSolution
		SolutionGuid = {3E5D73E2-1EA8-49CE-B26E-9D4D4E6B1CE5}
	EndGlobalSection
EndGlobal
