
Microsoft Visual Studio Solution File, Format Version 12.00
# Visual Studio Version 16
VisualStudioVersion = 16.0.37327.17
MinimumVisualStudioVersion = 10.0.40219.1
Project("{FAE04EC0-301F-11D3-BF4B-00C04F79EFBC}") = "pgm 15 Matrix Addition", "pgm 15 Matrix Addition\pgm 15 Matrix Addition.csproj", "{3384D781-E6EA-4E2B-83A9-2FD22E6A23D9}"
EndProject
Global
	GlobalSection(SolutionConfigurationPlatforms) = preSolution
		Debug|Any CPU = Debug|Any CPU
		Release|Any CPU = Release|Any CPU
	EndGlobalSection
	GlobalSection(ProjectConfigurationPlatforms) = postSolution
		{3384D781-E6EA-4E2B-83A9-2FD22E6A23D9}.Debug|Any CPU.ActiveCfg = Debug|Any CPU
		{3384D781-E6EA-4E2B-83A9-2FD22E6A23D9}.Debug|Any CPU.Build.0 = Debug|Any CPU
		{3384D781-E6EA-4E2B-83A9-2FD22E6A23D9}.Release|Any CPU.ActiveCfg = Release|Any CPU
		{3384D781-E6EA-4E2B-83A9-2FD22E6A23D9}.Release|Any CPU.Build.0 = Release|Any CPU
	EndGlobalSection
	GlobalSection(SolutionProperties) = preSolution
		HideSolutionNode = FALSE
	EndGlobalSection
	GlobalSection(ExtensibilityGlobals) = postSolution
		SolutionGuid = {62B68C1F-0227-434E-8D31-07187040AEA4}
	EndGlobalSection
EndGlobal
