
Microsoft Visual Studio Solution File, Format Version 12.00
# Visual Studio Version 16
VisualStudioVersion = 16.0.37327.17
MinimumVisualStudioVersion = 10.0.40219.1
Project("{FAE04EC0-301F-11D3-BF4B-00C04F79EFBC}") = "pgm 24 For loop Natural numbers", "pgm 24 For loop Natural numbers\pgm 24 For loop Natural numbers.csproj", "{5771EA02-06A8-471E-B84D-CCC9BEF478BC}"
EndProject
Global
	GlobalSection(SolutionConfigurationPlatforms) = preSolution
		Debug|Any CPU = Debug|Any CPU
		Release|Any CPU = Release|Any CPU
	EndGlobalSection
	GlobalSection(ProjectConfigurationPlatforms) = postSolution
		{5771EA02-06A8-471E-B84D-CCC9BEF478BC}.Debug|Any CPU.ActiveCfg = Debug|Any CPU
		{5771EA02-06A8-471E-B84D-CCC9BEF478BC}.Debug|Any CPU.Build.0 = Debug|Any CPU
		{5771EA02-06A8-471E-B84D-CCC9BEF478BC}.Release|Any CPU.ActiveCfg = Release|Any CPU
		{5771EA02-06A8-471E-B84D-CCC9BEF478BC}.Release|Any CPU.Build.0 = Release|Any CPU
	EndGlobalSection
	GlobalSection(SolutionProperties) = preSolution
		HideSolutionNode = FALSE
	EndGlobalSection
	GlobalSection(ExtensibilityGlobals) = postSolution
		SolutionGuid = {8190A45B-7C95-4265-93BD-86FE0AB23624}
	EndGlobalSection
EndGlobal
